
Microsoft Visual Studio Solution File, Format Version 12.00
# Visual Studio Version 16
VisualStudioVersion = 16.0.29409.12
MinimumVisualStudioVersion = 10.0.40219.1
Project("{9A19103F-16F7-4668-BE54-9A1E7A4F7556}") = "NL.Serverless.AspNetCore.FunctionApp", "NL.Serverless.AspNetCore.FunctionApp\NL.Serverless.AspNetCore.FunctionApp.csproj", "{DADD1CF1-2A23-45E4-B478-622B47674B0D}"
EndProject
Project("{9A19103F-16F7-4668-BE54-9A1E7A4F7556}") = "NL.Serverless.AspNetCore.WebApp", "NL.Serverless.AspNetCore.WebApp\NL.Serverless.AspNetCore.WebApp.csproj", "{18CFF3A7-187C-4C9A-B808-08AD8BA69138}"
EndProject
Project("{9A19103F-16F7-4668-BE54-9A1E7A4F7556}") = "NL.Serverless.AspNetCore.AzureFunctionsHost", "NL.Serverless.AspNetCore.AzureFunctionsHost\NL.Serverless.AspNetCore.AzureFunctionsHost.csproj", "{2044D75A-2550-4453-A039-F4A1AA73A671}"
EndProject
Global
	GlobalSection(SolutionConfigurationPlatforms) = preSolution
		Debug|Any CPU = Debug|Any CPU
		Release|Any CPU = Release|Any CPU
	EndGlobalSection
	GlobalSection(ProjectConfigurationPlatforms) = postSolution
		{DADD1CF1-2A23-45E4-B478-622B47674B0D}.Debug|Any CPU.ActiveCfg = Debug|Any CPU
		{DADD1CF1-2A23-45E4-B478-622B47674B0D}.Debug|Any CPU.Build.0 = Debug|Any CPU
		{DADD1CF1-2A23-45E4-B478-622B47674B0D}.Release|Any CPU.ActiveCfg = Release|Any CPU
		{DADD1CF1-2A23-45E4-B478-622B47674B0D}.Release|Any CPU.Build.0 = Release|Any CPU
		{18CFF3A7-187C-4C9A-B808-08AD8BA69138}.Debug|Any CPU.ActiveCfg = Debug|Any CPU
		{18CFF3A7-187C-4C9A-B808-08AD8BA69138}.Debug|Any CPU.Build.0 = Debug|Any CPU
		{18CFF3A7-187C-4C9A-B808-08AD8BA69138}.Release|Any CPU.ActiveCfg = Release|Any CPU
		{18CFF3A7-187C-4C9A-B808-08AD8BA69138}.Release|Any CPU.Build.0 = Release|Any CPU
		{2044D75A-2550-4453-A039-F4A1AA73A671}.Debug|Any CPU.ActiveCfg = Debug|Any CPU
		{2044D75A-2550-4453-A039-F4A1AA73A671}.Debug|Any CPU.Build.0 = Debug|Any CPU
		{2044D75A-2550-4453-A039-F4A1AA73A671}.Release|Any CPU.ActiveCfg = Release|Any CPU
		{2044D75A-2550-4453-A039-F4A1AA73A671}.Release|Any CPU.Build.0 = Release|Any CPU
	EndGlobalSection
	GlobalSection(SolutionProperties) = preSolution
		HideSolutionNode = FALSE
	EndGlobalSection
	GlobalSection(ExtensibilityGlobals) = postSolution
		SolutionGuid = {2535BFC7-E226-4607-AB8B-EEE36CDDE3BE}
	EndGlobalSection
EndGlobal
